
Microsoft Visual Studio Solution File, Format Version 12.00
# Visual Studio Version 17
VisualStudioVersion = 17.0.31903.59
MinimumVisualStudioVersion = 10.0.40219.1
Project("{9A19103F-16F7-4668-BE54-9A1E7A4F7556}") = "Sfa.Tl.Find.Provider.Api", "Sfa.Tl.Find.Provider.Api\Sfa.Tl.Find.Provider.Api.csproj", "{98FBE47F-3E73-4E13-984F-E523F145621E}"
EndProject
Project("{2150E333-8FDC-42A3-9474-1A3956D46DE8}") = "Tests", "Tests", "{70EED7E5-83B7-4416-8DAC-3C213651058F}"
EndProject
Project("{2150E333-8FDC-42A3-9474-1A3956D46DE8}") = "Solution Items", "Solution Items", "{C34F8FB5-19A4-4C56-97EE-C3F69B4F84CA}"
	ProjectSection(SolutionItems) = preProject
		.editorconfig = .editorconfig
		..\README.md = ..\README.md
	EndProjectSection
EndProject
Project("{9A19103F-16F7-4668-BE54-9A1E7A4F7556}") = "Sfa.Tl.Find.Provider.Api.UnitTests", "Sfa.Tl.Find.Provider.Api.UnitTests\Sfa.Tl.Find.Provider.Api.UnitTests.csproj", "{95AC7807-0E90-4EAC-8DA4-D09DBF541703}"
EndProject
Project("{00D1A9C2-B5F0-4AF3-8072-F6C62B433612}") = "Sfa.Tl.Find.Provider.Api.Database", "Sfa.Tl.Find.Provider.Api.Database\Sfa.Tl.Find.Provider.Api.Database.sqlproj", "{14B1C5D7-E3CC-44F3-9B74-92BDFBD0A5CB}"
EndProject
Project("{2150E333-8FDC-42A3-9474-1A3956D46DE8}") = "Database", "Database", "{D301F9D0-5D8C-432D-8C5A-1CB6FBC541F4}"
EndProject
Project("{9A19103F-16F7-4668-BE54-9A1E7A4F7556}") = "Sfa.Tl.Find.Provider.Application", "Sfa.Tl.Find.Provider.Application\Sfa.Tl.Find.Provider.Application.csproj", "{1C0A3667-3C39-4CC5-A488-6FA664ADBFA5}"
EndProject
Project("{9A19103F-16F7-4668-BE54-9A1E7A4F7556}") = "Sfa.Tl.Find.Provider.Application.UnitTests", "Sfa.Tl.Find.Provider.Application.UnitTests\Sfa.Tl.Find.Provider.Application.UnitTests.csproj", "{E16FF601-CF62-42CC-A7FC-5A596162A736}"
EndProject
Project("{9A19103F-16F7-4668-BE54-9A1E7A4F7556}") = "Sfa.Tl.Find.Provider.Tests.Common", "Sfa.Tl.Find.Provider.Tests.Common\Sfa.Tl.Find.Provider.Tests.Common.csproj", "{DE813CCA-8455-4960-810E-D7C6E522D3A6}"
EndProject
Project("{9A19103F-16F7-4668-BE54-9A1E7A4F7556}") = "Sfa.Tl.Find.Provider.Web", "Sfa.Tl.Find.Provider.Web\Sfa.Tl.Find.Provider.Web.csproj", "{46C2C1EA-22D0-45F2-BE90-BAD071C03EA2}"
EndProject
Project("{9A19103F-16F7-4668-BE54-9A1E7A4F7556}") = "Sfa.Tl.Find.Provider.Web.UnitTests", "Sfa.Tl.Find.Provider.Web.UnitTests\Sfa.Tl.Find.Provider.Web.UnitTests.csproj", "{3EDFE0B8-5E1B-4CF6-A6AF-4D5C25A366C4}"
EndProject
Project("{9A19103F-16F7-4668-BE54-9A1E7A4F7556}") = "Sfa.Tl.Find.Provider.Web.Samples", "Sfa.Tl.Find.Provider.Web.Samples\Sfa.Tl.Find.Provider.Web.Samples.csproj", "{E66CEAC7-8D58-431E-A9B6-25B0A42EAFD0}"
EndProject
Global
	GlobalSection(SolutionConfigurationPlatforms) = preSolution
		Debug|Any CPU = Debug|Any CPU
		Release|Any CPU = Release|Any CPU
	EndGlobalSection
	GlobalSection(ProjectConfigurationPlatforms) = postSolution
		{98FBE47F-3E73-4E13-984F-E523F145621E}.Debug|Any CPU.ActiveCfg = Debug|Any CPU
		{98FBE47F-3E73-4E13-984F-E523F145621E}.Debug|Any CPU.Build.0 = Debug|Any CPU
		{98FBE47F-3E73-4E13-984F-E523F145621E}.Release|Any CPU.ActiveCfg = Release|Any CPU
		{98FBE47F-3E73-4E13-984F-E523F145621E}.Release|Any CPU.Build.0 = Release|Any CPU
		{95AC7807-0E90-4EAC-8DA4-D09DBF541703}.Debug|Any CPU.ActiveCfg = Debug|Any CPU
		{95AC7807-0E90-4EAC-8DA4-D09DBF541703}.Debug|Any CPU.Build.0 = Debug|Any CPU
		{95AC7807-0E90-4EAC-8DA4-D09DBF541703}.Release|Any CPU.ActiveCfg = Release|Any CPU
		{95AC7807-0E90-4EAC-8DA4-D09DBF541703}.Release|Any CPU.Build.0 = Release|Any CPU
		{14B1C5D7-E3CC-44F3-9B74-92BDFBD0A5CB}.Debug|Any CPU.ActiveCfg = Debug|Any CPU
		{14B1C5D7-E3CC-44F3-9B74-92BDFBD0A5CB}.Debug|Any CPU.Build.0 = Debug|Any CPU
		{14B1C5D7-E3CC-44F3-9B74-92BDFBD0A5CB}.Debug|Any CPU.Deploy.0 = Debug|Any CPU
		{14B1C5D7-E3CC-44F3-9B74-92BDFBD0A5CB}.Release|Any CPU.ActiveCfg = Release|Any CPU
		{14B1C5D7-E3CC-44F3-9B74-92BDFBD0A5CB}.Release|Any CPU.Deploy.0 = Release|Any CPU
		{1C0A3667-3C39-4CC5-A488-6FA664ADBFA5}.Debug|Any CPU.ActiveCfg = Debug|Any CPU
		{1C0A3667-3C39-4CC5-A488-6FA664ADBFA5}.Debug|Any CPU.Build.0 = Debug|Any CPU
		{1C0A3667-3C39-4CC5-A488-6FA664ADBFA5}.Release|Any CPU.ActiveCfg = Release|Any CPU
		{1C0A3667-3C39-4CC5-A488-6FA664ADBFA5}.Release|Any CPU.Build.0 = Release|Any CPU
		{E16FF601-CF62-42CC-A7FC-5A596162A736}.Debug|Any CPU.ActiveCfg = Debug|Any CPU
		{E16FF601-CF62-42CC-A7FC-5A596162A736}.Debug|Any CPU.Build.0 = Debug|Any CPU
		{E16FF601-CF62-42CC-A7FC-5A596162A736}.Release|Any CPU.ActiveCfg = Release|Any CPU
		{E16FF601-CF62-42CC-A7FC-5A596162A736}.Release|Any CPU.Build.0 = Release|Any CPU
		{DE813CCA-8455-4960-810E-D7C6E522D3A6}.Debug|Any CPU.ActiveCfg = Debug|Any CPU
		{DE813CCA-8455-4960-810E-D7C6E522D3A6}.Debug|Any CPU.Build.0 = Debug|Any CPU
		{DE813CCA-8455-4960-810E-D7C6E522D3A6}.Release|Any CPU.ActiveCfg = Release|Any CPU
		{DE813CCA-8455-4960-810E-D7C6E522D3A6}.Release|Any CPU.Build.0 = Release|Any CPU
		{46C2C1EA-22D0-45F2-BE90-BAD071C03EA2}.Debug|Any CPU.ActiveCfg = Debug|Any CPU
		{46C2C1EA-22D0-45F2-BE90-BAD071C03EA2}.Debug|Any CPU.Build.0 = Debug|Any CPU
		{46C2C1EA-22D0-45F2-BE90-BAD071C03EA2}.Release|Any CPU.ActiveCfg = Release|Any CPU
		{46C2C1EA-22D0-45F2-BE90-BAD071C03EA2}.Release|Any CPU.Build.0 = Release|Any CPU
		{3EDFE0B8-5E1B-4CF6-A6AF-4D5C25A366C4}.Debug|Any CPU.ActiveCfg = Debug|Any CPU
		{3EDFE0B8-5E1B-4CF6-A6AF-4D5C25A366C4}.Debug|Any CPU.Build.0 = Debug|Any CPU
		{3EDFE0B8-5E1B-4CF6-A6AF-4D5C25A366C4}.Release|Any CPU.ActiveCfg = Release|Any CPU
		{3EDFE0B8-5E1B-4CF6-A6AF-4D5C25A366C4}.Release|Any CPU.Build.0 = Release|Any CPU
		{E66CEAC7-8D58-431E-A9B6-25B0A42EAFD0}.Debug|Any CPU.ActiveCfg = Debug|Any CPU
		{E66CEAC7-8D58-431E-A9B6-25B0A42EAFD0}.Debug|Any CPU.Build.0 = Debug|Any CPU
		{E66CEAC7-8D58-431E-A9B6-25B0A42EAFD0}.Release|Any CPU.ActiveCfg = Release|Any CPU
		{E66CEAC7-8D58-431E-A9B6-25B0A42EAFD0}.Release|Any CPU.Build.0 = Release|Any CPU
	EndGlobalSection
	GlobalSection(SolutionProperties) = preSolution
		HideSolutionNode = FALSE
	EndGlobalSection
	GlobalSection(NestedProjects) = preSolution
		{95AC7807-0E90-4EAC-8DA4-D09DBF541703} = {70EED7E5-83B7-4416-8DAC-3C213651058F}
		{14B1C5D7-E3CC-44F3-9B74-92BDFBD0A5CB} = {D301F9D0-5D8C-432D-8C5A-1CB6FBC541F4}
		{E16FF601-CF62-42CC-A7FC-5A596162A736} = {70EED7E5-83B7-4416-8DAC-3C213651058F}
		{DE813CCA-8455-4960-810E-D7C6E522D3A6} = {70EED7E5-83B7-4416-8DAC-3C213651058F}
		{3EDFE0B8-5E1B-4CF6-A6AF-4D5C25A366C4} = {70EED7E5-83B7-4416-8DAC-3C213651058F}
	EndGlobalSection
	GlobalSection(ExtensibilityGlobals) = postSolution
		SolutionGuid = {652BF7D1-A62C-41E9-91D1-E328C3F48986}
	EndGlobalSection
EndGlobal
